// !$*UTF8*$!
{
	archiveVersion = 1;
	classes = {
	};
	objectVersion = 77;
	objects = {

/* Begin PBXContainerItemProxy section */
		B0A100000000000000000012 /* PBXContainerItemProxy */ = {
			isa = PBXContainerItemProxy;
			containerPortal = B0A100000000000000000001 /* Project object */;
			proxyType = 1;
			remoteGlobalIDString = B0A100000000000000000009;
			remoteInfo = Macxplorer;
		};
/* End PBXContainerItemProxy section */

/* Begin PBXFileReference section */
		B0A100000000000000000004 /* Macxplorer.app */ = {isa = PBXFileReference; explicitFileType = wrapper.application; includeInIndex = 0; path = Macxplorer.app; sourceTree = BUILT_PRODUCTS_DIR; };
		B0A100000000000000000005 /* MacxplorerTests.xctest */ = {isa = PBXFileReference; explicitFileType = wrapper.cfbundle; includeInIndex = 0; path = MacxplorerTests.xctest; sourceTree = BUILT_PRODUCTS_DIR; };
/* End PBXFileReference section */

/* Begin PBXFileSystemSynchronizedBuildFileExceptionSet section */
		B0A100000000000000000008 /* Exceptions for "Macxplorer" folder in "Macxplorer" target */ = {
			isa = PBXFileSystemSynchronizedBuildFileExceptionSet;
			membershipExceptions = (
				Info.plist,
				Macxplorer.entitlements,
			);
			target = B0A100000000000000000009 /* Macxplorer */;
		};
/* End PBXFileSystemSynchronizedBuildFileExceptionSet section */

/* Begin PBXFileSystemSynchronizedRootGroup section */
		B0A100000000000000000006 /* Macxplorer */ = {
			isa = PBXFileSystemSynchronizedRootGroup;
			exceptions = (
				B0A100000000000000000008 /* Exceptions for "Macxplorer" folder in "Macxplorer" target */,
			);
			path = Macxplorer;
			sourceTree = "<group>";
		};
		B0A100000000000000000007 /* MacxplorerTests */ = {
			isa = PBXFileSystemSynchronizedRootGroup;
			path = MacxplorerTests;
			sourceTree = "<group>";
		};
/* End PBXFileSystemSynchronizedRootGroup section */

/* Begin PBXFrameworksBuildPhase section */
		B0A10000000000000000000C /* Frameworks */ = {
			isa = PBXFrameworksBuildPhase;
			buildActionMask = 2147483647;
			files = (
			);
			runOnlyForDeploymentPostprocessing = 0;
		};
		B0A10000000000000000000F /* Frameworks */ = {
			isa = PBXFrameworksBuildPhase;
			buildActionMask = 2147483647;
			files = (
			);
			runOnlyForDeploymentPostprocessing = 0;
		};
/* End PBXFrameworksBuildPhase section */

/* Begin PBXGroup section */
		B0A100000000000000000002 = {
			isa = PBXGroup;
			children = (
				B0A100000000000000000006 /* Macxplorer */,
				B0A100000000000000000007 /* MacxplorerTests */,
				B0A100000000000000000003 /* Products */,
			);
			sourceTree = "<group>";
		};
		B0A100000000000000000003 /* Products */ = {
			isa = PBXGroup;
			children = (
				B0A100000000000000000004 /* Macxplorer.app */,
				B0A100000000000000000005 /* MacxplorerTests.xctest */,
			);
			name = Products;
			sourceTree = "<group>";
		};
/* End PBXGroup section */

/* Begin PBXNativeTarget section */
		B0A100000000000000000009 /* Macxplorer */ = {
			isa = PBXNativeTarget;
			buildConfigurationList = B0A10000000000000000001A /* Build configuration list for PBXNativeTarget "Macxplorer" */;
			buildPhases = (
				B0A10000000000000000000B /* Sources */,
				B0A10000000000000000000C /* Frameworks */,
				B0A10000000000000000000D /* Resources */,
			);
			buildRules = (
			);
			dependencies = (
			);
			fileSystemSynchronizedGroups = (
				B0A100000000000000000006 /* Macxplorer */,
			);
			name = Macxplorer;
			packageProductDependencies = (
			);
			productName = Macxplorer;
			productReference = B0A100000000000000000004 /* Macxplorer.app */;
			productType = "com.apple.product-type.application";
		};
		B0A10000000000000000000A /* MacxplorerTests */ = {
			isa = PBXNativeTarget;
			buildConfigurationList = B0A10000000000000000001B /* Build configuration list for PBXNativeTarget "MacxplorerTests" */;
			buildPhases = (
				B0A10000000000000000000E /* Sources */,
				B0A10000000000000000000F /* Frameworks */,
				B0A100000000000000000010 /* Resources */,
			);
			buildRules = (
			);
			dependencies = (
				B0A100000000000000000011 /* PBXTargetDependency */,
			);
			fileSystemSynchronizedGroups = (
				B0A100000000000000000007 /* MacxplorerTests */,
			);
			name = MacxplorerTests;
			packageProductDependencies = (
			);
			productName = MacxplorerTests;
			productReference = B0A100000000000000000005 /* MacxplorerTests.xctest */;
			productType = "com.apple.product-type.bundle.unit-test";
		};
/* End PBXNativeTarget section */

/* Begin PBXProject section */
		B0A100000000000000000001 /* Project object */ = {
			isa = PBXProject;
			attributes = {
				BuildIndependentTargetsInParallel = 1;
				LastSwiftUpdateCheck = 2600;
				LastUpgradeCheck = 2600;
				TargetAttributes = {
					B0A100000000000000000009 = {
						CreatedOnToolsVersion = 26.0;
					};
					B0A10000000000000000000A = {
						CreatedOnToolsVersion = 26.0;
						TestTargetID = B0A100000000000000000009;
					};
				};
			};
			buildConfigurationList = B0A100000000000000000019 /* Build configuration list for PBXProject "Macxplorer" */;
			developmentRegion = en;
			hasScannedForEncodings = 0;
			knownRegions = (
				en,
				Base,
			);
			mainGroup = B0A100000000000000000002;
			minimizedProjectReferenceProxies = 1;
			preferredProjectObjectVersion = 77;
			productRefGroup = B0A100000000000000000003 /* Products */;
			projectDirPath = "";
			projectRoot = "";
			targets = (
				B0A100000000000000000009 /* Macxplorer */,
				B0A10000000000000000000A /* MacxplorerTests */,
			);
		};
/* End PBXProject section */

/* Begin PBXResourcesBuildPhase section */
		B0A10000000000000000000D /* Resources */ = {
			isa = PBXResourcesBuildPhase;
			buildActionMask = 2147483647;
			files = (
			);
			runOnlyForDeploymentPostprocessing = 0;
		};
		B0A100000000000000000010 /* Resources */ = {
			isa = PBXResourcesBuildPhase;
			buildActionMask = 2147483647;
			files = (
			);
			runOnlyForDeploymentPostprocessing = 0;
		};
/* End PBXResourcesBuildPhase section */

/* Begin PBXSourcesBuildPhase section */
		B0A10000000000000000000B /* Sources */ = {
			isa = PBXSourcesBuildPhase;
			buildActionMask = 2147483647;
			files = (
			);
			runOnlyForDeploymentPostprocessing = 0;
		};
		B0A10000000000000000000E /* Sources */ = {
			isa = PBXSourcesBuildPhase;
			buildActionMask = 2147483647;
			files = (
			);
			runOnlyForDeploymentPostprocessing = 0;
		};
/* End PBXSourcesBuildPhase section */

/* Begin PBXTargetDependency section */
		B0A100000000000000000011 /* PBXTargetDependency */ = {
			isa = PBXTargetDependency;
			target = B0A100000000000000000009 /* Macxplorer */;
			targetProxy = B0A100000000000000000012 /* PBXContainerItemProxy */;
		};
/* End PBXTargetDependency section */

/* Begin XCBuildConfiguration section */
		B0A100000000000000000013 /* Debug */ = {
			isa = XCBuildConfiguration;
			buildSettings = {
				ALWAYS_SEARCH_USER_PATHS = NO;
				CLANG_ENABLE_MODULES = YES;
				CLANG_ENABLE_OBJC_ARC = YES;
				COPY_PHASE_STRIP = NO;
				DEBUG_INFORMATION_FORMAT = dwarf;
				ENABLE_STRICT_OBJC_MSGSEND = YES;
				ENABLE_TESTABILITY = YES;
				GCC_DYNAMIC_NO_PIC = NO;
				GCC_OPTIMIZATION_LEVEL = 0;
				MACOSX_DEPLOYMENT_TARGET = 14.0;
				ONLY_ACTIVE_ARCH = YES;
				SDKROOT = macosx;
				SWIFT_ACTIVE_COMPILATION_CONDITIONS = "DEBUG $(inherited)";
				SWIFT_OPTIMIZATION_LEVEL = "-Onone";
				SWIFT_STRICT_CONCURRENCY = complete;
				SWIFT_VERSION = 6.0;
			};
			name = Debug;
		};
		B0A100000000000000000014 /* Release */ = {
			isa = XCBuildConfiguration;
			buildSettings = {
				ALWAYS_SEARCH_USER_PATHS = NO;
				CLANG_ENABLE_MODULES = YES;
				CLANG_ENABLE_OBJC_ARC = YES;
				COPY_PHASE_STRIP = NO;
				DEBUG_INFORMATION_FORMAT = "dwarf-with-dsym";
				ENABLE_NS_ASSERTIONS = NO;
				ENABLE_STRICT_OBJC_MSGSEND = YES;
				MACOSX_DEPLOYMENT_TARGET = 14.0;
				SDKROOT = macosx;
				SWIFT_COMPILATION_MODE = wholemodule;
				SWIFT_OPTIMIZATION_LEVEL = "-O";
				SWIFT_STRICT_CONCURRENCY = complete;
				SWIFT_VERSION = 6.0;
			};
			name = Release;
		};
		B0A100000000000000000015 /* Debug */ = {
			isa = XCBuildConfiguration;
			buildSettings = {
				CODE_SIGN_ENTITLEMENTS = Macxplorer/Macxplorer.entitlements;
				"CODE_SIGN_IDENTITY[sdk=macosx*]" = "-";
				CODE_SIGN_STYLE = Manual;
				COMBINE_HIDPI_IMAGES = YES;
				CURRENT_PROJECT_VERSION = 1;
				DEVELOPMENT_TEAM = "";
				ENABLE_APP_SANDBOX = NO;
				ENABLE_HARDENED_RUNTIME = YES;
				ENABLE_PREVIEWS = YES;
				GENERATE_INFOPLIST_FILE = NO;
				INFOPLIST_FILE = Macxplorer/Info.plist;
				LD_RUNPATH_SEARCH_PATHS = (
					"$(inherited)",
					"@executable_path/../Frameworks",
				);
				MARKETING_VERSION = 1.0;
				PRODUCT_BUNDLE_IDENTIFIER = com.cakirlarc.macxplorer;
				PRODUCT_NAME = "$(TARGET_NAME)";
				SWIFT_EMIT_LOC_STRINGS = YES;
			};
			name = Debug;
		};
		B0A100000000000000000016 /* Release */ = {
			isa = XCBuildConfiguration;
			buildSettings = {
				CODE_SIGN_ENTITLEMENTS = Macxplorer/Macxplorer.entitlements;
				"CODE_SIGN_IDENTITY[sdk=macosx*]" = "-";
				CODE_SIGN_STYLE = Manual;
				COMBINE_HIDPI_IMAGES = YES;
				CURRENT_PROJECT_VERSION = 1;
				DEVELOPMENT_TEAM = "";
				ENABLE_APP_SANDBOX = NO;
				ENABLE_HARDENED_RUNTIME = YES;
				ENABLE_PREVIEWS = YES;
				GENERATE_INFOPLIST_FILE = NO;
				INFOPLIST_FILE = Macxplorer/Info.plist;
				LD_RUNPATH_SEARCH_PATHS = (
					"$(inherited)",
					"@executable_path/../Frameworks",
				);
				MARKETING_VERSION = 1.0;
				PRODUCT_BUNDLE_IDENTIFIER = com.cakirlarc.macxplorer;
				PRODUCT_NAME = "$(TARGET_NAME)";
				SWIFT_EMIT_LOC_STRINGS = YES;
			};
			name = Release;
		};
		B0A100000000000000000017 /* Debug */ = {
			isa = XCBuildConfiguration;
			buildSettings = {
				BUNDLE_LOADER = "$(TEST_HOST)";
				"CODE_SIGN_IDENTITY[sdk=macosx*]" = "-";
				CODE_SIGN_STYLE = Manual;
				CURRENT_PROJECT_VERSION = 1;
				GENERATE_INFOPLIST_FILE = YES;
				LD_RUNPATH_SEARCH_PATHS = (
					"$(inherited)",
					"@executable_path/../Frameworks",
					"@loader_path/../Frameworks",
				);
				MARKETING_VERSION = 1.0;
				PRODUCT_BUNDLE_IDENTIFIER = com.cakirlarc.macxplorer.tests;
				PRODUCT_NAME = "$(TARGET_NAME)";
				TEST_HOST = "$(BUILT_PRODUCTS_DIR)/Macxplorer.app/Contents/MacOS/Macxplorer";
			};
			name = Debug;
		};
		B0A100000000000000000018 /* Release */ = {
			isa = XCBuildConfiguration;
			buildSettings = {
				BUNDLE_LOADER = "$(TEST_HOST)";
				"CODE_SIGN_IDENTITY[sdk=macosx*]" = "-";
				CODE_SIGN_STYLE = Manual;
				CURRENT_PROJECT_VERSION = 1;
				GENERATE_INFOPLIST_FILE = YES;
				LD_RUNPATH_SEARCH_PATHS = (
					"$(inherited)",
					"@executable_path/../Frameworks",
					"@loader_path/../Frameworks",
				);
				MARKETING_VERSION = 1.0;
				PRODUCT_BUNDLE_IDENTIFIER = com.cakirlarc.macxplorer.tests;
				PRODUCT_NAME = "$(TARGET_NAME)";
				TEST_HOST = "$(BUILT_PRODUCTS_DIR)/Macxplorer.app/Contents/MacOS/Macxplorer";
			};
			name = Release;
		};
/* End XCBuildConfiguration section */

/* Begin XCConfigurationList section */
		B0A100000000000000000019 /* Build configuration list for PBXProject "Macxplorer" */ = {
			isa = XCConfigurationList;
			buildConfigurations = (
				B0A100000000000000000013 /* Debug */,
				B0A100000000000000000014 /* Release */,
			);
			defaultConfigurationIsVisible = 0;
			defaultConfigurationName = Release;
		};
		B0A10000000000000000001A /* Build configuration list for PBXNativeTarget "Macxplorer" */ = {
			isa = XCConfigurationList;
			buildConfigurations = (
				B0A100000000000000000015 /* Debug */,
				B0A100000000000000000016 /* Release */,
			);
			defaultConfigurationIsVisible = 0;
			defaultConfigurationName = Release;
		};
		B0A10000000000000000001B /* Build configuration list for PBXNativeTarget "MacxplorerTests" */ = {
			isa = XCConfigurationList;
			buildConfigurations = (
				B0A100000000000000000017 /* Debug */,
				B0A100000000000000000018 /* Release */,
			);
			defaultConfigurationIsVisible = 0;
			defaultConfigurationName = Release;
		};
/* End XCConfigurationList section */
	};
	rootObject = B0A100000000000000000001 /* Project object */;
}
